// !$*UTF8*$!
{
	archiveVersion = 1;
	classes = {
	};
	objectVersion = 56;
	objects = {

/* Begin PBXBuildFile section */
		7F0657C52B20887700128B8E /* SettingsView.swift in Sources */ = {isa = PBXBuildFile; fileRef = 7F0657C42B20887700128B8E /* SettingsView.swift */; };
		7F0657C72B208CA300128B8E /* FormRowStaticView.swift in Sources */ = {isa = PBXBuildFile; fileRef = 7F0657C62B208CA300128B8E /* FormRowStaticView.swift */; };
		7F0657C92B208F1700128B8E /* FormRowLinkView.swift in Sources */ = {isa = PBXBuildFile; fileRef = 7F0657C82B208F1700128B8E /* FormRowLinkView.swift */; };
		7F0657D42B20979200128B8E /* Pink Dark.png in Resources */ = {isa = PBXBuildFile; fileRef = 7F0657CB2B20979200128B8E /* Pink Dark.png */; };
		7F0657D52B20979200128B8E /* Pink Light.png in Resources */ = {isa = PBXBuildFile; fileRef = 7F0657CC2B20979200128B8E /* Pink Light.png */; };
		7F0657D62B20979200128B8E /* Blue Dark.png in Resources */ = {isa = PBXBuildFile; fileRef = 7F0657CD2B20979200128B8E /* Blue Dark.png */; };
		7F0657D72B20979200128B8E /* Blue.png in Resources */ = {isa = PBXBuildFile; fileRef = 7F0657CE2B20979200128B8E /* Blue.png */; };
		7F0657D82B20979200128B8E /* Green.png in Resources */ = {isa = PBXBuildFile; fileRef = 7F0657CF2B20979200128B8E /* Green.png */; };
		7F0657D92B20979200128B8E /* Pink.png in Resources */ = {isa = PBXBuildFile; fileRef = 7F0657D02B20979200128B8E /* Pink.png */; };
		7F0657DA2B20979200128B8E /* Blue Light.png in Resources */ = {isa = PBXBuildFile; fileRef = 7F0657D12B20979200128B8E /* Blue Light.png */; };
		7F0657DB2B20979200128B8E /* Green Light.png in Resources */ = {isa = PBXBuildFile; fileRef = 7F0657D22B20979200128B8E /* Green Light.png */; };
		7F0657DC2B20979200128B8E /* Green Dark.png in Resources */ = {isa = PBXBuildFile; fileRef = 7F0657D32B20979200128B8E /* Green Dark.png */; };
		7F08E0442B1F568F00D158C4 /* Launch Screen.storyboard in Resources */ = {isa = PBXBuildFile; fileRef = 7F08E0432B1F568F00D158C4 /* Launch Screen.storyboard */; };
		7F08E0472B1F583A00D158C4 /* EmptyListView.swift in Sources */ = {isa = PBXBuildFile; fileRef = 7F08E0462B1F583A00D158C4 /* EmptyListView.swift */; };
		7FD01B0B2B1F33D100495B55 /* TodoV2App.swift in Sources */ = {isa = PBXBuildFile; fileRef = 7FD01B0A2B1F33D100495B55 /* TodoV2App.swift */; };
		7FD01B0D2B1F33D100495B55 /* ContentView.swift in Sources */ = {isa = PBXBuildFile; fileRef = 7FD01B0C2B1F33D100495B55 /* ContentView.swift */; };
		7FD01B112B1F33D200495B55 /* Assets.xcassets in Resources */ = {isa = PBXBuildFile; fileRef = 7FD01B102B1F33D200495B55 /* Assets.xcassets */; };
		7FD01B142B1F33D200495B55 /* Preview Assets.xcassets in Resources */ = {isa = PBXBuildFile; fileRef = 7FD01B132B1F33D200495B55 /* Preview Assets.xcassets */; };
		7FD01B1B2B1F34A700495B55 /* AddTodoView.swift in Sources */ = {isa = PBXBuildFile; fileRef = 7FD01B1A2B1F34A700495B55 /* AddTodoView.swift */; };
		7FD01B1D2B1F375F00495B55 /* TodoItem.swift in Sources */ = {isa = PBXBuildFile; fileRef = 7FD01B1C2B1F375F00495B55 /* TodoItem.swift */; };
/* End PBXBuildFile section */

/* Begin PBXFileReference section */
		7F0657C42B20887700128B8E /* SettingsView.swift */ = {isa = PBXFileReference; lastKnownFileType = sourcecode.swift; path = SettingsView.swift; sourceTree = "<group>"; };
		7F0657C62B208CA300128B8E /* FormRowStaticView.swift */ = {isa = PBXFileReference; lastKnownFileType = sourcecode.swift; path = FormRowStaticView.swift; sourceTree = "<group>"; };
		7F0657C82B208F1700128B8E /* FormRowLinkView.swift */ = {isa = PBXFileReference; lastKnownFileType = sourcecode.swift; path = FormRowLinkView.swift; sourceTree = "<group>"; };
		7F0657CB2B20979200128B8E /* Pink Dark.png */ = {isa = PBXFileReference; lastKnownFileType = image.png; path = "Pink Dark.png"; sourceTree = "<group>"; };
		7F0657CC2B20979200128B8E /* Pink Light.png */ = {isa = PBXFileReference; lastKnownFileType = image.png; path = "Pink Light.png"; sourceTree = "<group>"; };
		7F0657CD2B20979200128B8E /* Blue Dark.png */ = {isa = PBXFileReference; lastKnownFileType = image.png; path = "Blue Dark.png"; sourceTree = "<group>"; };
		7F0657CE2B20979200128B8E /* Blue.png */ = {isa = PBXFileReference; lastKnownFileType = image.png; path = Blue.png; sourceTree = "<group>"; };
		7F0657CF2B20979200128B8E /* Green.png */ = {isa = PBXFileReference; lastKnownFileType = image.png; path = Green.png; sourceTree = "<group>"; };
		7F0657D02B20979200128B8E /* Pink.png */ = {isa = PBXFileReference; lastKnownFileType = image.png; path = Pink.png; sourceTree = "<group>"; };
		7F0657D12B20979200128B8E /* Blue Light.png */ = {isa = PBXFileReference; lastKnownFileType = image.png; path = "Blue Light.png"; sourceTree = "<group>"; };
		7F0657D22B20979200128B8E /* Green Light.png */ = {isa = PBXFileReference; lastKnownFileType = image.png; path = "Green Light.png"; sourceTree = "<group>"; };
		7F0657D32B20979200128B8E /* Green Dark.png */ = {isa = PBXFileReference; lastKnownFileType = image.png; path = "Green Dark.png"; sourceTree = "<group>"; };
		7F0657DD2B20984B00128B8E /* Info.plist */ = {isa = PBXFileReference; lastKnownFileType = text.plist; path = Info.plist; sourceTree = "<group>"; };
		7F08E0432B1F568F00D158C4 /* Launch Screen.storyboard */ = {isa = PBXFileReference; lastKnownFileType = file.storyboard; path = "Launch Screen.storyboard"; sourceTree = "<group>"; };
		7F08E0462B1F583A00D158C4 /* EmptyListView.swift */ = {isa = PBXFileReference; lastKnownFileType = sourcecode.swift; path = EmptyListView.swift; sourceTree = "<group>"; };
		7FD01B072B1F33D100495B55 /* TodoV2.app */ = {isa = PBXFileReference; explicitFileType = wrapper.application; includeInIndex = 0; path = TodoV2.app; sourceTree = BUILT_PRODUCTS_DIR; };
		7FD01B0A2B1F33D100495B55 /* TodoV2App.swift */ = {isa = PBXFileReference; lastKnownFileType = sourcecode.swift; path = TodoV2App.swift; sourceTree = "<group>"; };
		7FD01B0C2B1F33D100495B55 /* ContentView.swift */ = {isa = PBXFileReference; lastKnownFileType = sourcecode.swift; path = ContentView.swift; sourceTree = "<group>"; };
		7FD01B102B1F33D200495B55 /* Assets.xcassets */ = {isa = PBXFileReference; lastKnownFileType = folder.assetcatalog; path = Assets.xcassets; sourceTree = "<group>"; };
		7FD01B132B1F33D200495B55 /* Preview Assets.xcassets */ = {isa = PBXFileReference; lastKnownFileType = folder.assetcatalog; path = "Preview Assets.xcassets"; sourceTree = "<group>"; };
		7FD01B1A2B1F34A700495B55 /* AddTodoView.swift */ = {isa = PBXFileReference; lastKnownFileType = sourcecode.swift; path = AddTodoView.swift; sourceTree = "<group>"; };
		7FD01B1C2B1F375F00495B55 /* TodoItem.swift */ = {isa = PBXFileReference; lastKnownFileType = sourcecode.swift; path = TodoItem.swift; sourceTree = "<group>"; };
/* End PBXFileReference section */

/* Begin PBXFrameworksBuildPhase section */
		7FD01B042B1F33D100495B55 /* Frameworks */ = {
			isa = PBXFrameworksBuildPhase;
			buildActionMask = 2147483647;
			files = (
			);
			runOnlyForDeploymentPostprocessing = 0;
		};
/* End PBXFrameworksBuildPhase section */

/* Begin PBXGroup section */
		7F0657CA2B20976600128B8E /* Icons */ = {
			isa = PBXGroup;
			children = (
				7F0657CD2B20979200128B8E /* Blue Dark.png */,
				7F0657D12B20979200128B8E /* Blue Light.png */,
				7F0657CE2B20979200128B8E /* Blue.png */,
				7F0657D32B20979200128B8E /* Green Dark.png */,
				7F0657D22B20979200128B8E /* Green Light.png */,
				7F0657CF2B20979200128B8E /* Green.png */,
				7F0657CB2B20979200128B8E /* Pink Dark.png */,
				7F0657CC2B20979200128B8E /* Pink Light.png */,
				7F0657D02B20979200128B8E /* Pink.png */,
			);
			path = Icons;
			sourceTree = "<group>";
		};
		7F0657DE2B21C19100128B8E /* Helper */ = {
			isa = PBXGroup;
			children = (
			);
			path = Helper;
			sourceTree = "<group>";
		};
		7F08E0452B1F581000D158C4 /* View */ = {
			isa = PBXGroup;
			children = (
				7FD01B0C2B1F33D100495B55 /* ContentView.swift */,
				7F0657C42B20887700128B8E /* SettingsView.swift */,
				7F0657C82B208F1700128B8E /* FormRowLinkView.swift */,
				7F0657C62B208CA300128B8E /* FormRowStaticView.swift */,
				7FD01B1A2B1F34A700495B55 /* AddTodoView.swift */,
				7F08E0462B1F583A00D158C4 /* EmptyListView.swift */,
			);
			path = View;
			sourceTree = "<group>";
		};
		7FD01AFE2B1F33D100495B55 = {
			isa = PBXGroup;
			children = (
				7FD01B082B1F33D100495B55 /* Products */,
				7FD01B092B1F33D100495B55 /* TodoV2 */,
			);
			sourceTree = "<group>";
		};
		7FD01B082B1F33D100495B55 /* Products */ = {
			isa = PBXGroup;
			children = (
				7FD01B072B1F33D100495B55 /* TodoV2.app */,
			);
			name = Products;
			sourceTree = "<group>";
		};
		7FD01B092B1F33D100495B55 /* TodoV2 */ = {
			isa = PBXGroup;
			children = (
				7F0657DE2B21C19100128B8E /* Helper */,
				7F0657DD2B20984B00128B8E /* Info.plist */,
				7F0657CA2B20976600128B8E /* Icons */,
				7F08E0452B1F581000D158C4 /* View */,
				7FD01B0A2B1F33D100495B55 /* TodoV2App.swift */,
				7FD01B1C2B1F375F00495B55 /* TodoItem.swift */,
				7F08E0432B1F568F00D158C4 /* Launch Screen.storyboard */,
				7FD01B102B1F33D200495B55 /* Assets.xcassets */,
				7FD01B122B1F33D200495B55 /* Preview Content */,
			);
			path = TodoV2;
			sourceTree = "<group>";
		};
		7FD01B122B1F33D200495B55 /* Preview Content */ = {
			isa = PBXGroup;
			children = (
				7FD01B132B1F33D200495B55 /* Preview Assets.xcassets */,
			);
			path = "Preview Content";
			sourceTree = "<group>";
		};
/* End PBXGroup section */

/* Begin PBXNativeTarget section */
		7FD01B062B1F33D100495B55 /* TodoV2 */ = {
			isa = PBXNativeTarget;
			buildConfigurationList = 7FD01B172B1F33D200495B55 /* Build configuration list for PBXNativeTarget "TodoV2" */;
			buildPhases = (
				7FD01B032B1F33D100495B55 /* Sources */,
				7FD01B042B1F33D100495B55 /* Frameworks */,
				7FD01B052B1F33D100495B55 /* Resources */,
			);
			buildRules = (
			);
			dependencies = (
			);
			name = TodoV2;
			productName = TodoV2;
			productReference = 7FD01B072B1F33D100495B55 /* TodoV2.app */;
			productType = "com.apple.product-type.application";
		};
/* End PBXNativeTarget section */

/* Begin PBXProject section */
		7FD01AFF2B1F33D100495B55 /* Project object */ = {
			isa = PBXProject;
			attributes = {
				BuildIndependentTargetsInParallel = 1;
				LastSwiftUpdateCheck = 1500;
				LastUpgradeCheck = 1500;
				TargetAttributes = {
					7FD01B062B1F33D100495B55 = {
						CreatedOnToolsVersion = 15.0.1;
					};
				};
			};
			buildConfigurationList = 7FD01B022B1F33D100495B55 /* Build configuration list for PBXProject "TodoV2" */;
			compatibilityVersion = "Xcode 14.0";
			developmentRegion = en;
			hasScannedForEncodings = 0;
			knownRegions = (
				en,
				Base,
			);
			mainGroup = 7FD01AFE2B1F33D100495B55;
			productRefGroup = 7FD01B082B1F33D100495B55 /* Products */;
			projectDirPath = "";
			projectRoot = "";
			targets = (
				7FD01B062B1F33D100495B55 /* TodoV2 */,
			);
		};
/* End PBXProject section */

/* Begin PBXResourcesBuildPhase section */
		7FD01B052B1F33D100495B55 /* Resources */ = {
			isa = PBXResourcesBuildPhase;
			buildActionMask = 2147483647;
			files = (
				7F0657DC2B20979200128B8E /* Green Dark.png in Resources */,
				7F0657D92B20979200128B8E /* Pink.png in Resources */,
				7F0657D62B20979200128B8E /* Blue Dark.png in Resources */,
				7F0657D42B20979200128B8E /* Pink Dark.png in Resources */,
				7F0657DA2B20979200128B8E /* Blue Light.png in Resources */,
				7F0657D72B20979200128B8E /* Blue.png in Resources */,
				7F08E0442B1F568F00D158C4 /* Launch Screen.storyboard in Resources */,
				7F0657D52B20979200128B8E /* Pink Light.png in Resources */,
				7F0657D82B20979200128B8E /* Green.png in Resources */,
				7F0657DB2B20979200128B8E /* Green Light.png in Resources */,
				7FD01B142B1F33D200495B55 /* Preview Assets.xcassets in Resources */,
				7FD01B112B1F33D200495B55 /* Assets.xcassets in Resources */,
			);
			runOnlyForDeploymentPostprocessing = 0;
		};
/* End PBXResourcesBuildPhase section */

/* Begin PBXSourcesBuildPhase section */
		7FD01B032B1F33D100495B55 /* Sources */ = {
			isa = PBXSourcesBuildPhase;
			buildActionMask = 2147483647;
			files = (
				7F0657C72B208CA300128B8E /* FormRowStaticView.swift in Sources */,
				7FD01B1D2B1F375F00495B55 /* TodoItem.swift in Sources */,
				7FD01B0D2B1F33D100495B55 /* ContentView.swift in Sources */,
				7FD01B1B2B1F34A700495B55 /* AddTodoView.swift in Sources */,
				7F0657C52B20887700128B8E /* SettingsView.swift in Sources */,
				7F0657C92B208F1700128B8E /* FormRowLinkView.swift in Sources */,
				7FD01B0B2B1F33D100495B55 /* TodoV2App.swift in Sources */,
				7F08E0472B1F583A00D158C4 /* EmptyListView.swift in Sources */,
			);
			runOnlyForDeploymentPostprocessing = 0;
		};
/* End PBXSourcesBuildPhase section */

/* Begin XCBuildConfiguration section */
		7FD01B152B1F33D200495B55 /* Debug */ = {
			isa = XCBuildConfiguration;
			buildSettings = {
				ALWAYS_SEARCH_USER_PATHS = NO;
				ASSETCATALOG_COMPILER_GENERATE_SWIFT_ASSET_SYMBOL_EXTENSIONS = YES;
				CLANG_ANALYZER_NONNULL = YES;
				CLANG_ANALYZER_NUMBER_OBJECT_CONVERSION = YES_AGGRESSIVE;
				CLANG_CXX_LANGUAGE_STANDARD = "gnu++20";
				CLANG_ENABLE_MODULES = YES;
				CLANG_ENABLE_OBJC_ARC = YES;
				CLANG_ENABLE_OBJC_WEAK = YES;
				CLANG_WARN_BLOCK_CAPTURE_AUTORELEASING = YES;
				CLANG_WARN_BOOL_CONVERSION = YES;
				CLANG_WARN_COMMA = YES;
				CLANG_WARN_CONSTANT_CONVERSION = YES;
				CLANG_WARN_DEPRECATED_OBJC_IMPLEMENTATIONS = YES;
				CLANG_WARN_DIRECT_OBJC_ISA_USAGE = YES_ERROR;
				CLANG_WARN_DOCUMENTATION_COMMENTS = YES;
				CLANG_WARN_EMPTY_BODY = YES;
				CLANG_WARN_ENUM_CONVERSION = YES;
				CLANG_WARN_INFINITE_RECURSION = YES;
				CLANG_WARN_INT_CONVERSION = YES;
				CLANG_WARN_NON_LITERAL_NULL_CONVERSION = YES;
				CLANG_WARN_OBJC_IMPLICIT_RETAIN_SELF = YES;
				CLANG_WARN_OBJC_LITERAL_CONVERSION = YES;
				CLANG_WARN_OBJC_ROOT_CLASS = YES_ERROR;
				CLANG_WARN_QUOTED_INCLUDE_IN_FRAMEWORK_HEADER = YES;
				CLANG_WARN_RANGE_LOOP_ANALYSIS = YES;
				CLANG_WARN_STRICT_PROTOTYPES = YES;
				CLANG_WARN_SUSPICIOUS_MOVE = YES;
				CLANG_WARN_UNGUARDED_AVAILABILITY = YES_AGGRESSIVE;
				CLANG_WARN_UNREACHABLE_CODE = YES;
				CLANG_WARN__DUPLICATE_METHOD_MATCH = YES;
				COPY_PHASE_STRIP = NO;
				DEBUG_INFORMATION_FORMAT = dwarf;
				ENABLE_STRICT_OBJC_MSGSEND = YES;
				ENABLE_TESTABILITY = YES;
				ENABLE_USER_SCRIPT_SANDBOXING = YES;
				GCC_C_LANGUAGE_STANDARD = gnu17;
				GCC_DYNAMIC_NO_PIC = NO;
				GCC_NO_COMMON_BLOCKS = YES;
				GCC_OPTIMIZATION_LEVEL = 0;
				GCC_PREPROCESSOR_DEFINITIONS = (
					"DEBUG=1",
					"$(inherited)",
				);
				GCC_WARN_64_TO_32_BIT_CONVERSION = YES;
				GCC_WARN_ABOUT_RETURN_TYPE = YES_ERROR;
				GCC_WARN_UNDECLARED_SELECTOR = YES;
				GCC_WARN_UNINITIALIZED_AUTOS = YES_AGGRESSIVE;
				GCC_WARN_UNUSED_FUNCTION = YES;
				GCC_WARN_UNUSED_VARIABLE = YES;
				IPHONEOS_DEPLOYMENT_TARGET = 17.0;
				LOCALIZATION_PREFERS_STRING_CATALOGS = YES;
				MTL_ENABLE_DEBUG_INFO = INCLUDE_SOURCE;
				MTL_FAST_MATH = YES;
				ONLY_ACTIVE_ARCH = YES;
				SDKROOT = iphoneos;
				SWIFT_ACTIVE_COMPILATION_CONDITIONS = "DEBUG $(inherited)";
				SWIFT_OPTIMIZATION_LEVEL = "-Onone";
			};
			name = Debug;
		};
		7FD01B162B1F33D200495B55 /* Release */ = {
			isa = XCBuildConfiguration;
			buildSettings = {
				ALWAYS_SEARCH_USER_PATHS = NO;
				ASSETCATALOG_COMPILER_GENERATE_SWIFT_ASSET_SYMBOL_EXTENSIONS = YES;
				CLANG_ANALYZER_NONNULL = YES;
				CLANG_ANALYZER_NUMBER_OBJECT_CONVERSION = YES_AGGRESSIVE;
				CLANG_CXX_LANGUAGE_STANDARD = "gnu++20";
				CLANG_ENABLE_MODULES = YES;
				CLANG_ENABLE_OBJC_ARC = YES;
				CLANG_ENABLE_OBJC_WEAK = YES;
				CLANG_WARN_BLOCK_CAPTURE_AUTORELEASING = YES;
				CLANG_WARN_BOOL_CONVERSION = YES;
				CLANG_WARN_COMMA = YES;
				CLANG_WARN_CONSTANT_CONVERSION = YES;
				CLANG_WARN_DEPRECATED_OBJC_IMPLEMENTATIONS = YES;
				CLANG_WARN_DIRECT_OBJC_ISA_USAGE = YES_ERROR;
				CLANG_WARN_DOCUMENTATION_COMMENTS = YES;
				CLANG_WARN_EMPTY_BODY = YES;
				CLANG_WARN_ENUM_CONVERSION = YES;
				CLANG_WARN_INFINITE_RECURSION = YES;
				CLANG_WARN_INT_CONVERSION = YES;
				CLANG_WARN_NON_LITERAL_NULL_CONVERSION = YES;
				CLANG_WARN_OBJC_IMPLICIT_RETAIN_SELF = YES;
				CLANG_WARN_OBJC_LITERAL_CONVERSION = YES;
				CLANG_WARN_OBJC_ROOT_CLASS = YES_ERROR;
				CLANG_WARN_QUOTED_INCLUDE_IN_FRAMEWORK_HEADER = YES;
				CLANG_WARN_RANGE_LOOP_ANALYSIS = YES;
				CLANG_WARN_STRICT_PROTOTYPES = YES;
				CLANG_WARN_SUSPICIOUS_MOVE = YES;
				CLANG_WARN_UNGUARDED_AVAILABILITY = YES_AGGRESSIVE;
				CLANG_WARN_UNREACHABLE_CODE = YES;
				CLANG_WARN__DUPLICATE_METHOD_MATCH = YES;
				COPY_PHASE_STRIP = NO;
				DEBUG_INFORMATION_FORMAT = "dwarf-with-dsym";
				ENABLE_NS_ASSERTIONS = NO;
				ENABLE_STRICT_OBJC_MSGSEND = YES;
				ENABLE_USER_SCRIPT_SANDBOXING = YES;
				GCC_C_LANGUAGE_STANDARD = gnu17;
				GCC_NO_COMMON_BLOCKS = YES;
				GCC_WARN_64_TO_32_BIT_CONVERSION = YES;
				GCC_WARN_ABOUT_RETURN_TYPE = YES_ERROR;
				GCC_WARN_UNDECLARED_SELECTOR = YES;
				GCC_WARN_UNINITIALIZED_AUTOS = YES_AGGRESSIVE;
				GCC_WARN_UNUSED_FUNCTION = YES;
				GCC_WARN_UNUSED_VARIABLE = YES;
				IPHONEOS_DEPLOYMENT_TARGET = 17.0;
				LOCALIZATION_PREFERS_STRING_CATALOGS = YES;
				MTL_ENABLE_DEBUG_INFO = NO;
				MTL_FAST_MATH = YES;
				SDKROOT = iphoneos;
				SWIFT_COMPILATION_MODE = wholemodule;
				VALIDATE_PRODUCT = YES;
			};
			name = Release;
		};
		7FD01B182B1F33D200495B55 /* Debug */ = {
			isa = XCBuildConfiguration;
			buildSettings = {
				ASSETCATALOG_COMPILER_APPICON_NAME = AppIcon;
				ASSETCATALOG_COMPILER_GLOBAL_ACCENT_COLOR_NAME = AccentColor;
				CODE_SIGN_STYLE = Automatic;
				CURRENT_PROJECT_VERSION = 1;
				DEVELOPMENT_ASSET_PATHS = "\"TodoV2/Preview Content\"";
				DEVELOPMENT_TEAM = EPMT7DEL43;
				ENABLE_PREVIEWS = YES;
				GENERATE_INFOPLIST_FILE = YES;
				INFOPLIST_FILE = TodoV2/Info.plist;
				INFOPLIST_KEY_UIApplicationSceneManifest_Generation = YES;
				INFOPLIST_KEY_UIApplicationSupportsIndirectInputEvents = YES;
				INFOPLIST_KEY_UILaunchScreen_Generation = YES;
				INFOPLIST_KEY_UILaunchStoryboardName = "Launch Screen.storyboard";
				INFOPLIST_KEY_UISupportedInterfaceOrientations = UIInterfaceOrientationPortrait;
				LD_RUNPATH_SEARCH_PATHS = (
					"$(inherited)",
					"@executable_path/Frameworks",
				);
				MARKETING_VERSION = 1.0;
				PRODUCT_BUNDLE_IDENTIFIER = Tapawan.TodoV2;
				PRODUCT_NAME = "$(TARGET_NAME)";
				SWIFT_EMIT_LOC_STRINGS = YES;
				SWIFT_VERSION = 5.0;
				TARGETED_DEVICE_FAMILY = "1,2";
			};
			name = Debug;
		};
		7FD01B192B1F33D200495B55 /* Release */ = {
			isa = XCBuildConfiguration;
			buildSettings = {
				ASSETCATALOG_COMPILER_APPICON_NAME = AppIcon;
				ASSETCATALOG_COMPILER_GLOBAL_ACCENT_COLOR_NAME = AccentColor;
				CODE_SIGN_STYLE = Automatic;
				CURRENT_PROJECT_VERSION = 1;
				DEVELOPMENT_ASSET_PATHS = "\"TodoV2/Preview Content\"";
				DEVELOPMENT_TEAM = EPMT7DEL43;
				ENABLE_PREVIEWS = YES;
				GENERATE_INFOPLIST_FILE = YES;
				INFOPLIST_FILE = TodoV2/Info.plist;
				INFOPLIST_KEY_UIApplicationSceneManifest_Generation = YES;
				INFOPLIST_KEY_UIApplicationSupportsIndirectInputEvents = YES;
				INFOPLIST_KEY_UILaunchScreen_Generation = YES;
				INFOPLIST_KEY_UILaunchStoryboardName = "Launch Screen.storyboard";
				INFOPLIST_KEY_UISupportedInterfaceOrientations = UIInterfaceOrientationPortrait;
				LD_RUNPATH_SEARCH_PATHS = (
					"$(inherited)",
					"@executable_path/Frameworks",
				);
				MARKETING_VERSION = 1.0;
				PRODUCT_BUNDLE_IDENTIFIER = Tapawan.TodoV2;
				PRODUCT_NAME = "$(TARGET_NAME)";
				SWIFT_EMIT_LOC_STRINGS = YES;
				SWIFT_VERSION = 5.0;
				TARGETED_DEVICE_FAMILY = "1,2";
			};
			name = Release;
		};
/* End XCBuildConfiguration section */

/* Begin XCConfigurationList section */
		7FD01B022B1F33D100495B55 /* Build configuration list for PBXProject "TodoV2" */ = {
			isa = XCConfigurationList;
			buildConfigurations = (
				7FD01B152B1F33D200495B55 /* Debug */,
				7FD01B162B1F33D200495B55 /* Release */,
			);
			defaultConfigurationIsVisible = 0;
			defaultConfigurationName = Release;
		};
		7FD01B172B1F33D200495B55 /* Build configuration list for PBXNativeTarget "TodoV2" */ = {
			isa = XCConfigurationList;
			buildConfigurations = (
				7FD01B182B1F33D200495B55 /* Debug */,
				7FD01B192B1F33D200495B55 /* Release */,
			);
			defaultConfigurationIsVisible = 0;
			defaultConfigurationName = Release;
		};
/* End XCConfigurationList section */
	};
	rootObject = 7FD01AFF2B1F33D100495B55 /* Project object */;
}
